
Microsoft Visual Studio Solution File, Format Version 12.00
# Visual Studio Version 17
VisualStudioVersion = 17.4.33213.308
MinimumVisualStudioVersion = 10.0.40219.1
Project("{FAE04EC0-301F-11D3-BF4B-00C04F79EFBC}") = "Cell_ Count", "Cell_ Count\Cell_ Count.csproj", "{164F2BCD-4553-435F-95C7-07F87E50224F}"
EndProject
Global
	GlobalSection(SolutionConfigurationPlatforms) = preSolution
		Debug|Any CPU = Debug|Any CPU
		Release|Any CPU = Release|Any CPU
	EndGlobalSection
	GlobalSection(ProjectConfigurationPlatforms) = postSolution
		{164F2BCD-4553-435F-95C7-07F87E50224F}.Debug|Any CPU.ActiveCfg = Debug|Any CPU
		{164F2BCD-4553-435F-95C7-07F87E50224F}.Debug|Any CPU.Build.0 = Debug|Any CPU
		{164F2BCD-4553-435F-95C7-07F87E50224F}.Release|Any CPU.ActiveCfg = Release|Any CPU
		{164F2BCD-4553-435F-95C7-07F87E50224F}.Release|Any CPU.Build.0 = Release|Any CPU
	EndGlobalSection
	GlobalSection(SolutionProperties) = preSolution
		HideSolutionNode = FALSE
	EndGlobalSection
	GlobalSection(ExtensibilityGlobals) = postSolution
		SolutionGuid = {7227E511-3375-4A57-A5FC-F4B24704BC4A}
	EndGlobalSection
EndGlobal
